
Microsoft Visual Studio Solution File, Format Version 12.00
# Visual Studio Version 17
VisualStudioVersion = 17.3.32901.215
MinimumVisualStudioVersion = 10.0.40219.1
Project("{FAE04EC0-301F-11D3-BF4B-00C04F79EFBC}") = "terakhir", "terakhir\terakhir.csproj", "{CE3E79D6-B639-4D1C-9CCF-6F4003A97C2F}"
EndProject
Global
	GlobalSection(SolutionConfigurationPlatforms) = preSolution
		Debug|Any CPU = Debug|Any CPU
		Release|Any CPU = Release|Any CPU
	EndGlobalSection
	GlobalSection(ProjectConfigurationPlatforms) = postSolution
		{CE3E79D6-B639-4D1C-9CCF-6F4003A97C2F}.Debug|Any CPU.ActiveCfg = Debug|Any CPU
		{CE3E79D6-B639-4D1C-9CCF-6F4003A97C2F}.Debug|Any CPU.Build.0 = Debug|Any CPU
		{CE3E79D6-B639-4D1C-9CCF-6F4003A97C2F}.Release|Any CPU.ActiveCfg = Release|Any CPU
		{CE3E79D6-B639-4D1C-9CCF-6F4003A97C2F}.Release|Any CPU.Build.0 = Release|Any CPU
	EndGlobalSection
	GlobalSection(SolutionProperties) = preSolution
		HideSolutionNode = FALSE
	EndGlobalSection
	GlobalSection(ExtensibilityGlobals) = postSolution
		SolutionGuid = {FBD8A031-19D3-412D-B0B9-A9E9FCFC19AC}
	EndGlobalSection
EndGlobal
